
Microsoft Visual Studio Solution File, Format Version 12.00
# Visual Studio Version 17
VisualStudioVersion = 17.4.33205.214
MinimumVisualStudioVersion = 10.0.40219.1
Project("{FAE04EC0-301F-11D3-BF4B-00C04F79EFBC}") = "CoreAPI", "CoreAPI\CoreAPI.csproj", "{FEEF23BA-84A3-4A77-87A2-33EFF8A95767}"
EndProject
Project("{F184B08F-C81C-45F6-A57F-5ABD9991F28F}") = "CoreAPIVB", "CoreAPIVB\CoreAPIVB.vbproj", "{707ABD80-2390-4D4C-9A93-E3F13E0C88AF}"
EndProject
Global
	GlobalSection(SolutionConfigurationPlatforms) = preSolution
		Debug|Any CPU = Debug|Any CPU
		Release|Any CPU = Release|Any CPU
	EndGlobalSection
	GlobalSection(ProjectConfigurationPlatforms) = postSolution
		{FEEF23BA-84A3-4A77-87A2-33EFF8A95767}.Debug|Any CPU.ActiveCfg = Debug|Any CPU
		{FEEF23BA-84A3-4A77-87A2-33EFF8A95767}.Debug|Any CPU.Build.0 = Debug|Any CPU
		{FEEF23BA-84A3-4A77-87A2-33EFF8A95767}.Release|Any CPU.ActiveCfg = Release|Any CPU
		{FEEF23BA-84A3-4A77-87A2-33EFF8A95767}.Release|Any CPU.Build.0 = Release|Any CPU
		{707ABD80-2390-4D4C-9A93-E3F13E0C88AF}.Debug|Any CPU.ActiveCfg = Debug|Any CPU
		{707ABD80-2390-4D4C-9A93-E3F13E0C88AF}.Debug|Any CPU.Build.0 = Debug|Any CPU
		{707ABD80-2390-4D4C-9A93-E3F13E0C88AF}.Release|Any CPU.ActiveCfg = Release|Any CPU
		{707ABD80-2390-4D4C-9A93-E3F13E0C88AF}.Release|Any CPU.Build.0 = Release|Any CPU
	EndGlobalSection
	GlobalSection(SolutionProperties) = preSolution
		HideSolutionNode = FALSE
	EndGlobalSection
	GlobalSection(ExtensibilityGlobals) = postSolution
		SolutionGuid = {83F6F0C8-74EE-463F-AC96-5DA33397CD1A}
	EndGlobalSection
EndGlobal
